
Microsoft Visual Studio Solution File, Format Version 12.00
# Visual Studio Express 2012 for Windows Desktop
Project("{FAE04EC0-301F-11D3-BF4B-00C04F79EFBC}") = "T145588_Test07_033016", "T145588_Test07_033016\T145588_Test07_033016.csproj", "{40937839-7FFD-4B65-BB5E-C6E29B9C9C15}"
EndProject
Global
	GlobalSection(SolutionConfigurationPlatforms) = preSolution
		Debug|Any CPU = Debug|Any CPU
		Release|Any CPU = Release|Any CPU
	EndGlobalSection
	GlobalSection(ProjectConfigurationPlatforms) = postSolution
		{40937839-7FFD-4B65-BB5E-C6E29B9C9C15}.Debug|Any CPU.ActiveCfg = Debug|Any CPU
		{40937839-7FFD-4B65-BB5E-C6E29B9C9C15}.Debug|Any CPU.Build.0 = Debug|Any CPU
		{40937839-7FFD-4B65-BB5E-C6E29B9C9C15}.Release|Any CPU.ActiveCfg = Release|Any CPU
		{40937839-7FFD-4B65-BB5E-C6E29B9C9C15}.Release|Any CPU.Build.0 = Release|Any CPU
	EndGlobalSection
	GlobalSection(SolutionProperties) = preSolution
		HideSolutionNode = FALSE
	EndGlobalSection
EndGlobal
