
Microsoft Visual Studio Solution File, Format Version 12.00
# Visual Studio Express 2012 for Windows Desktop
Project("{FAE04EC0-301F-11D3-BF4B-00C04F79EFBC}") = "T145588_Home02_040416", "T145588_Home02_040416\T145588_Home02_040416.csproj", "{395448C0-D0B3-489A-BABE-BE6DB590A60F}"
EndProject
Global
	GlobalSection(SolutionConfigurationPlatforms) = preSolution
		Debug|Any CPU = Debug|Any CPU
		Release|Any CPU = Release|Any CPU
	EndGlobalSection
	GlobalSection(ProjectConfigurationPlatforms) = postSolution
		{395448C0-D0B3-489A-BABE-BE6DB590A60F}.Debug|Any CPU.ActiveCfg = Debug|Any CPU
		{395448C0-D0B3-489A-BABE-BE6DB590A60F}.Debug|Any CPU.Build.0 = Debug|Any CPU
		{395448C0-D0B3-489A-BABE-BE6DB590A60F}.Release|Any CPU.ActiveCfg = Release|Any CPU
		{395448C0-D0B3-489A-BABE-BE6DB590A60F}.Release|Any CPU.Build.0 = Release|Any CPU
	EndGlobalSection
	GlobalSection(SolutionProperties) = preSolution
		HideSolutionNode = FALSE
	EndGlobalSection
EndGlobal
