
Microsoft Visual Studio Solution File, Format Version 12.00
# Visual Studio Express 2012 for Windows Desktop
Project("{FAE04EC0-301F-11D3-BF4B-00C04F79EFBC}") = "DocSo", "DocSo\DocSo.csproj", "{D3B3010C-D52F-490F-9C22-C0EF264087A4}"
EndProject
Global
	GlobalSection(SolutionConfigurationPlatforms) = preSolution
		Debug|Any CPU = Debug|Any CPU
		Release|Any CPU = Release|Any CPU
	EndGlobalSection
	GlobalSection(ProjectConfigurationPlatforms) = postSolution
		{D3B3010C-D52F-490F-9C22-C0EF264087A4}.Debug|Any CPU.ActiveCfg = Debug|Any CPU
		{D3B3010C-D52F-490F-9C22-C0EF264087A4}.Debug|Any CPU.Build.0 = Debug|Any CPU
		{D3B3010C-D52F-490F-9C22-C0EF264087A4}.Release|Any CPU.ActiveCfg = Release|Any CPU
		{D3B3010C-D52F-490F-9C22-C0EF264087A4}.Release|Any CPU.Build.0 = Release|Any CPU
	EndGlobalSection
	GlobalSection(SolutionProperties) = preSolution
		HideSolutionNode = FALSE
	EndGlobalSection
EndGlobal
