
Microsoft Visual Studio Solution File, Format Version 12.00
# Visual Studio Express 2012 for Windows Desktop
Project("{FAE04EC0-301F-11D3-BF4B-00C04F79EFBC}") = "T145588_Test05_031616", "T145588_Test05_031616\T145588_Test05_031616.csproj", "{F214435E-1961-4437-97AC-DBAE8D7CD3DB}"
EndProject
Global
	GlobalSection(SolutionConfigurationPlatforms) = preSolution
		Debug|Any CPU = Debug|Any CPU
		Release|Any CPU = Release|Any CPU
	EndGlobalSection
	GlobalSection(ProjectConfigurationPlatforms) = postSolution
		{F214435E-1961-4437-97AC-DBAE8D7CD3DB}.Debug|Any CPU.ActiveCfg = Debug|Any CPU
		{F214435E-1961-4437-97AC-DBAE8D7CD3DB}.Debug|Any CPU.Build.0 = Debug|Any CPU
		{F214435E-1961-4437-97AC-DBAE8D7CD3DB}.Release|Any CPU.ActiveCfg = Release|Any CPU
		{F214435E-1961-4437-97AC-DBAE8D7CD3DB}.Release|Any CPU.Build.0 = Release|Any CPU
	EndGlobalSection
	GlobalSection(SolutionProperties) = preSolution
		HideSolutionNode = FALSE
	EndGlobalSection
EndGlobal
