
Microsoft Visual Studio Solution File, Format Version 12.00
# Visual Studio Express 2012 for Windows Desktop
Project("{FAE04EC0-301F-11D3-BF4B-00C04F79EFBC}") = "Topic7", "Topic7\Topic7.csproj", "{893ABBFB-2CCC-45E2-9766-7BE84FBAF4C2}"
EndProject
Global
	GlobalSection(SolutionConfigurationPlatforms) = preSolution
		Debug|Any CPU = Debug|Any CPU
		Release|Any CPU = Release|Any CPU
	EndGlobalSection
	GlobalSection(ProjectConfigurationPlatforms) = postSolution
		{893ABBFB-2CCC-45E2-9766-7BE84FBAF4C2}.Debug|Any CPU.ActiveCfg = Debug|Any CPU
		{893ABBFB-2CCC-45E2-9766-7BE84FBAF4C2}.Debug|Any CPU.Build.0 = Debug|Any CPU
		{893ABBFB-2CCC-45E2-9766-7BE84FBAF4C2}.Release|Any CPU.ActiveCfg = Release|Any CPU
		{893ABBFB-2CCC-45E2-9766-7BE84FBAF4C2}.Release|Any CPU.Build.0 = Release|Any CPU
	EndGlobalSection
	GlobalSection(SolutionProperties) = preSolution
		HideSolutionNode = FALSE
	EndGlobalSection
EndGlobal
